// !$*UTF8*$!
{
	archiveVersion = 1;
	classes = {
	};
	objectVersion = 56;
	objects = {

/* Begin PBXBuildFile section */
		8CA21352E622C84E78A4D6C7 /* Pods_RxSwift_Demo.framework in Frameworks */ = {isa = PBXBuildFile; fileRef = F38BC9A1C4DB19D954D5BD26 /* Pods_RxSwift_Demo.framework */; };
		F87888252B271D3A00B6C332 /* AppDelegate.swift in Sources */ = {isa = PBXBuildFile; fileRef = F87888242B271D3A00B6C332 /* AppDelegate.swift */; };
		F87888272B271D3A00B6C332 /* SceneDelegate.swift in Sources */ = {isa = PBXBuildFile; fileRef = F87888262B271D3A00B6C332 /* SceneDelegate.swift */; };
		F87888292B271D3A00B6C332 /* ViewController.swift in Sources */ = {isa = PBXBuildFile; fileRef = F87888282B271D3A00B6C332 /* ViewController.swift */; };
		F878882C2B271D3A00B6C332 /* Main.storyboard in Resources */ = {isa = PBXBuildFile; fileRef = F878882A2B271D3A00B6C332 /* Main.storyboard */; };
		F878882E2B271D3B00B6C332 /* Assets.xcassets in Resources */ = {isa = PBXBuildFile; fileRef = F878882D2B271D3B00B6C332 /* Assets.xcassets */; };
		F87888312B271D3B00B6C332 /* LaunchScreen.storyboard in Resources */ = {isa = PBXBuildFile; fileRef = F878882F2B271D3B00B6C332 /* LaunchScreen.storyboard */; };
		F878883A2B271F0800B6C332 /* Just.swift in Sources */ = {isa = PBXBuildFile; fileRef = F87888392B271F0800B6C332 /* Just.swift */; };
		F878883C2B27201B00B6C332 /* OF.swift in Sources */ = {isa = PBXBuildFile; fileRef = F878883B2B27201B00B6C332 /* OF.swift */; };
		F87888412B2730AA00B6C332 /* From.swift in Sources */ = {isa = PBXBuildFile; fileRef = F87888402B2730AA00B6C332 /* From.swift */; };
		F87888452B2734B400B6C332 /* Empty.swift in Sources */ = {isa = PBXBuildFile; fileRef = F87888442B2734B400B6C332 /* Empty.swift */; };
		F87888472B2735B000B6C332 /* Never.swift in Sources */ = {isa = PBXBuildFile; fileRef = F87888462B2735B000B6C332 /* Never.swift */; };
		F87888492B2736BC00B6C332 /* Range.swift in Sources */ = {isa = PBXBuildFile; fileRef = F87888482B2736BC00B6C332 /* Range.swift */; };
		F878884B2B2739B500B6C332 /* Create.swift in Sources */ = {isa = PBXBuildFile; fileRef = F878884A2B2739B500B6C332 /* Create.swift */; };
		F878884D2B27430700B6C332 /* Deferred.swift in Sources */ = {isa = PBXBuildFile; fileRef = F878884C2B27430700B6C332 /* Deferred.swift */; };
		F8CB9BC92B2845F600E6C5B6 /* PerformSideEffect.swift in Sources */ = {isa = PBXBuildFile; fileRef = F8CB9BC82B2845F600E6C5B6 /* PerformSideEffect.swift */; };
		F8CB9BCC2B2854BB00E6C5B6 /* DebugInfo.swift in Sources */ = {isa = PBXBuildFile; fileRef = F8CB9BCB2B2854BB00E6C5B6 /* DebugInfo.swift */; };
		F8CB9BCF2B28761900E6C5B6 /* Publish_Subject.swift in Sources */ = {isa = PBXBuildFile; fileRef = F8CB9BCE2B28761900E6C5B6 /* Publish_Subject.swift */; };
		F8CB9BD12B28876800E6C5B6 /* Behavior_Subject.swift in Sources */ = {isa = PBXBuildFile; fileRef = F8CB9BD02B28876800E6C5B6 /* Behavior_Subject.swift */; };
		F8CB9BD32B2891C000E6C5B6 /* Replay_Subject.swift in Sources */ = {isa = PBXBuildFile; fileRef = F8CB9BD22B2891C000E6C5B6 /* Replay_Subject.swift */; };
/* End PBXBuildFile section */

/* Begin PBXFileReference section */
		A36992A43995398CAE6841EB /* Pods-RxSwift-Demo.debug.xcconfig */ = {isa = PBXFileReference; includeInIndex = 1; lastKnownFileType = text.xcconfig; name = "Pods-RxSwift-Demo.debug.xcconfig"; path = "Target Support Files/Pods-RxSwift-Demo/Pods-RxSwift-Demo.debug.xcconfig"; sourceTree = "<group>"; };
		CBF466EE11FB130346BE9ACC /* Pods-RxSwift-Demo.release.xcconfig */ = {isa = PBXFileReference; includeInIndex = 1; lastKnownFileType = text.xcconfig; name = "Pods-RxSwift-Demo.release.xcconfig"; path = "Target Support Files/Pods-RxSwift-Demo/Pods-RxSwift-Demo.release.xcconfig"; sourceTree = "<group>"; };
		F38BC9A1C4DB19D954D5BD26 /* Pods_RxSwift_Demo.framework */ = {isa = PBXFileReference; explicitFileType = wrapper.framework; includeInIndex = 0; path = Pods_RxSwift_Demo.framework; sourceTree = BUILT_PRODUCTS_DIR; };
		F87888212B271D3A00B6C332 /* RxSwift-Demo.app */ = {isa = PBXFileReference; explicitFileType = wrapper.application; includeInIndex = 0; path = "RxSwift-Demo.app"; sourceTree = BUILT_PRODUCTS_DIR; };
		F87888242B271D3A00B6C332 /* AppDelegate.swift */ = {isa = PBXFileReference; lastKnownFileType = sourcecode.swift; path = AppDelegate.swift; sourceTree = "<group>"; };
		F87888262B271D3A00B6C332 /* SceneDelegate.swift */ = {isa = PBXFileReference; lastKnownFileType = sourcecode.swift; path = SceneDelegate.swift; sourceTree = "<group>"; };
		F87888282B271D3A00B6C332 /* ViewController.swift */ = {isa = PBXFileReference; lastKnownFileType = sourcecode.swift; path = ViewController.swift; sourceTree = "<group>"; };
		F878882B2B271D3A00B6C332 /* Base */ = {isa = PBXFileReference; lastKnownFileType = file.storyboard; name = Base; path = Base.lproj/Main.storyboard; sourceTree = "<group>"; };
		F878882D2B271D3B00B6C332 /* Assets.xcassets */ = {isa = PBXFileReference; lastKnownFileType = folder.assetcatalog; path = Assets.xcassets; sourceTree = "<group>"; };
		F87888302B271D3B00B6C332 /* Base */ = {isa = PBXFileReference; lastKnownFileType = file.storyboard; name = Base; path = Base.lproj/LaunchScreen.storyboard; sourceTree = "<group>"; };
		F87888322B271D3B00B6C332 /* Info.plist */ = {isa = PBXFileReference; lastKnownFileType = text.plist.xml; path = Info.plist; sourceTree = "<group>"; };
		F87888392B271F0800B6C332 /* Just.swift */ = {isa = PBXFileReference; fileEncoding = 4; lastKnownFileType = sourcecode.swift; path = Just.swift; sourceTree = "<group>"; };
		F878883B2B27201B00B6C332 /* OF.swift */ = {isa = PBXFileReference; lastKnownFileType = sourcecode.swift; path = OF.swift; sourceTree = "<group>"; };
		F87888402B2730AA00B6C332 /* From.swift */ = {isa = PBXFileReference; lastKnownFileType = sourcecode.swift; path = From.swift; sourceTree = "<group>"; };
		F87888442B2734B400B6C332 /* Empty.swift */ = {isa = PBXFileReference; lastKnownFileType = sourcecode.swift; path = Empty.swift; sourceTree = "<group>"; };
		F87888462B2735B000B6C332 /* Never.swift */ = {isa = PBXFileReference; lastKnownFileType = sourcecode.swift; path = Never.swift; sourceTree = "<group>"; };
		F87888482B2736BC00B6C332 /* Range.swift */ = {isa = PBXFileReference; lastKnownFileType = sourcecode.swift; path = Range.swift; sourceTree = "<group>"; };
		F878884A2B2739B500B6C332 /* Create.swift */ = {isa = PBXFileReference; lastKnownFileType = sourcecode.swift; path = Create.swift; sourceTree = "<group>"; };
		F878884C2B27430700B6C332 /* Deferred.swift */ = {isa = PBXFileReference; lastKnownFileType = sourcecode.swift; path = Deferred.swift; sourceTree = "<group>"; };
		F8CB9BC82B2845F600E6C5B6 /* PerformSideEffect.swift */ = {isa = PBXFileReference; lastKnownFileType = sourcecode.swift; path = PerformSideEffect.swift; sourceTree = "<group>"; };
		F8CB9BCB2B2854BB00E6C5B6 /* DebugInfo.swift */ = {isa = PBXFileReference; lastKnownFileType = sourcecode.swift; path = DebugInfo.swift; sourceTree = "<group>"; };
		F8CB9BCE2B28761900E6C5B6 /* Publish_Subject.swift */ = {isa = PBXFileReference; lastKnownFileType = sourcecode.swift; path = Publish_Subject.swift; sourceTree = "<group>"; };
		F8CB9BD02B28876800E6C5B6 /* Behavior_Subject.swift */ = {isa = PBXFileReference; lastKnownFileType = sourcecode.swift; path = Behavior_Subject.swift; sourceTree = "<group>"; };
		F8CB9BD22B2891C000E6C5B6 /* Replay_Subject.swift */ = {isa = PBXFileReference; lastKnownFileType = sourcecode.swift; path = Replay_Subject.swift; sourceTree = "<group>"; };
/* End PBXFileReference section */

/* Begin PBXFrameworksBuildPhase section */
		F878881E2B271D3A00B6C332 /* Frameworks */ = {
			isa = PBXFrameworksBuildPhase;
			buildActionMask = 2147483647;
			files = (
				8CA21352E622C84E78A4D6C7 /* Pods_RxSwift_Demo.framework in Frameworks */,
			);
			runOnlyForDeploymentPostprocessing = 0;
		};
/* End PBXFrameworksBuildPhase section */

/* Begin PBXGroup section */
		92384DE3C83F0A6F8A8B0FF3 /* Pods */ = {
			isa = PBXGroup;
			children = (
				A36992A43995398CAE6841EB /* Pods-RxSwift-Demo.debug.xcconfig */,
				CBF466EE11FB130346BE9ACC /* Pods-RxSwift-Demo.release.xcconfig */,
			);
			path = Pods;
			sourceTree = "<group>";
		};
		F47E3C46C9CBBC5480AB51CA /* Frameworks */ = {
			isa = PBXGroup;
			children = (
				F38BC9A1C4DB19D954D5BD26 /* Pods_RxSwift_Demo.framework */,
			);
			name = Frameworks;
			sourceTree = "<group>";
		};
		F87888182B271D3A00B6C332 = {
			isa = PBXGroup;
			children = (
				F87888232B271D3A00B6C332 /* RxSwift-Demo */,
				F87888222B271D3A00B6C332 /* Products */,
				92384DE3C83F0A6F8A8B0FF3 /* Pods */,
				F47E3C46C9CBBC5480AB51CA /* Frameworks */,
			);
			sourceTree = "<group>";
		};
		F87888222B271D3A00B6C332 /* Products */ = {
			isa = PBXGroup;
			children = (
				F87888212B271D3A00B6C332 /* RxSwift-Demo.app */,
			);
			name = Products;
			sourceTree = "<group>";
		};
		F87888232B271D3A00B6C332 /* RxSwift-Demo */ = {
			isa = PBXGroup;
			children = (
				F87888242B271D3A00B6C332 /* AppDelegate.swift */,
				F87888262B271D3A00B6C332 /* SceneDelegate.swift */,
				F87888422B27349B00B6C332 /* Observer */,
				F87888382B271F0800B6C332 /* Ch1_Observables */,
				F8CB9BCD2B2875F400E6C5B6 /* Ch2_Subject */,
				F8CB9BC62B28448D00E6C5B6 /* VieController */,
				F878882A2B271D3A00B6C332 /* Main.storyboard */,
				F878882D2B271D3B00B6C332 /* Assets.xcassets */,
				F878882F2B271D3B00B6C332 /* LaunchScreen.storyboard */,
				F87888322B271D3B00B6C332 /* Info.plist */,
			);
			path = "RxSwift-Demo";
			sourceTree = "<group>";
		};
		F87888382B271F0800B6C332 /* Ch1_Observables */ = {
			isa = PBXGroup;
			children = (
				F8CB9BCA2B28549F00E6C5B6 /* Challenge2 */,
				F8CB9BC72B2845D600E6C5B6 /* Challenge1 */,
				F87888392B271F0800B6C332 /* Just.swift */,
				F878883B2B27201B00B6C332 /* OF.swift */,
				F87888402B2730AA00B6C332 /* From.swift */,
				F87888442B2734B400B6C332 /* Empty.swift */,
				F87888462B2735B000B6C332 /* Never.swift */,
				F87888482B2736BC00B6C332 /* Range.swift */,
				F878884A2B2739B500B6C332 /* Create.swift */,
				F878884C2B27430700B6C332 /* Deferred.swift */,
			);
			path = Ch1_Observables;
			sourceTree = "<group>";
		};
		F87888422B27349B00B6C332 /* Observer */ = {
			isa = PBXGroup;
			children = (
			);
			path = Observer;
			sourceTree = "<group>";
		};
		F8CB9BC62B28448D00E6C5B6 /* VieController */ = {
			isa = PBXGroup;
			children = (
				F87888282B271D3A00B6C332 /* ViewController.swift */,
			);
			path = VieController;
			sourceTree = "<group>";
		};
		F8CB9BC72B2845D600E6C5B6 /* Challenge1 */ = {
			isa = PBXGroup;
			children = (
				F8CB9BC82B2845F600E6C5B6 /* PerformSideEffect.swift */,
			);
			path = Challenge1;
			sourceTree = "<group>";
		};
		F8CB9BCA2B28549F00E6C5B6 /* Challenge2 */ = {
			isa = PBXGroup;
			children = (
				F8CB9BCB2B2854BB00E6C5B6 /* DebugInfo.swift */,
			);
			path = Challenge2;
			sourceTree = "<group>";
		};
		F8CB9BCD2B2875F400E6C5B6 /* Ch2_Subject */ = {
			isa = PBXGroup;
			children = (
				F8CB9BCE2B28761900E6C5B6 /* Publish_Subject.swift */,
				F8CB9BD02B28876800E6C5B6 /* Behavior_Subject.swift */,
				F8CB9BD22B2891C000E6C5B6 /* Replay_Subject.swift */,
			);
			path = Ch2_Subject;
			sourceTree = "<group>";
		};
/* End PBXGroup section */

/* Begin PBXNativeTarget section */
		F87888202B271D3A00B6C332 /* RxSwift-Demo */ = {
			isa = PBXNativeTarget;
			buildConfigurationList = F87888352B271D3B00B6C332 /* Build configuration list for PBXNativeTarget "RxSwift-Demo" */;
			buildPhases = (
				0781CA662FB3B3E2BE2424CA /* [CP] Check Pods Manifest.lock */,
				F878881D2B271D3A00B6C332 /* Sources */,
				F878881E2B271D3A00B6C332 /* Frameworks */,
				F878881F2B271D3A00B6C332 /* Resources */,
				D30D60C82ED68DB6664448F8 /* [CP] Embed Pods Frameworks */,
			);
			buildRules = (
			);
			dependencies = (
			);
			name = "RxSwift-Demo";
			productName = "RxSwift-Demo";
			productReference = F87888212B271D3A00B6C332 /* RxSwift-Demo.app */;
			productType = "com.apple.product-type.application";
		};
/* End PBXNativeTarget section */

/* Begin PBXProject section */
		F87888192B271D3A00B6C332 /* Project object */ = {
			isa = PBXProject;
			attributes = {
				BuildIndependentTargetsInParallel = 1;
				LastSwiftUpdateCheck = 1420;
				LastUpgradeCheck = 1420;
				TargetAttributes = {
					F87888202B271D3A00B6C332 = {
						CreatedOnToolsVersion = 14.2;
					};
				};
			};
			buildConfigurationList = F878881C2B271D3A00B6C332 /* Build configuration list for PBXProject "RxSwift-Demo" */;
			compatibilityVersion = "Xcode 14.0";
			developmentRegion = en;
			hasScannedForEncodings = 0;
			knownRegions = (
				en,
				Base,
			);
			mainGroup = F87888182B271D3A00B6C332;
			productRefGroup = F87888222B271D3A00B6C332 /* Products */;
			projectDirPath = "";
			projectRoot = "";
			targets = (
				F87888202B271D3A00B6C332 /* RxSwift-Demo */,
			);
		};
/* End PBXProject section */

/* Begin PBXResourcesBuildPhase section */
		F878881F2B271D3A00B6C332 /* Resources */ = {
			isa = PBXResourcesBuildPhase;
			buildActionMask = 2147483647;
			files = (
				F87888312B271D3B00B6C332 /* LaunchScreen.storyboard in Resources */,
				F878882E2B271D3B00B6C332 /* Assets.xcassets in Resources */,
				F878882C2B271D3A00B6C332 /* Main.storyboard in Resources */,
			);
			runOnlyForDeploymentPostprocessing = 0;
		};
/* End PBXResourcesBuildPhase section */

/* Begin PBXShellScriptBuildPhase section */
		0781CA662FB3B3E2BE2424CA /* [CP] Check Pods Manifest.lock */ = {
			isa = PBXShellScriptBuildPhase;
			buildActionMask = 2147483647;
			files = (
			);
			inputFileListPaths = (
			);
			inputPaths = (
				"${PODS_PODFILE_DIR_PATH}/Podfile.lock",
				"${PODS_ROOT}/Manifest.lock",
			);
			name = "[CP] Check Pods Manifest.lock";
			outputFileListPaths = (
			);
			outputPaths = (
				"$(DERIVED_FILE_DIR)/Pods-RxSwift-Demo-checkManifestLockResult.txt",
			);
			runOnlyForDeploymentPostprocessing = 0;
			shellPath = /bin/sh;
			shellScript = "diff \"${PODS_PODFILE_DIR_PATH}/Podfile.lock\" \"${PODS_ROOT}/Manifest.lock\" > /dev/null\nif [ $? != 0 ] ; then\n    # print error to STDERR\n    echo \"error: The sandbox is not in sync with the Podfile.lock. Run 'pod install' or update your CocoaPods installation.\" >&2\n    exit 1\nfi\n# This output is used by Xcode 'outputs' to avoid re-running this script phase.\necho \"SUCCESS\" > \"${SCRIPT_OUTPUT_FILE_0}\"\n";
			showEnvVarsInLog = 0;
		};
		D30D60C82ED68DB6664448F8 /* [CP] Embed Pods Frameworks */ = {
			isa = PBXShellScriptBuildPhase;
			buildActionMask = 2147483647;
			files = (
			);
			inputFileListPaths = (
				"${PODS_ROOT}/Target Support Files/Pods-RxSwift-Demo/Pods-RxSwift-Demo-frameworks-${CONFIGURATION}-input-files.xcfilelist",
			);
			name = "[CP] Embed Pods Frameworks";
			outputFileListPaths = (
				"${PODS_ROOT}/Target Support Files/Pods-RxSwift-Demo/Pods-RxSwift-Demo-frameworks-${CONFIGURATION}-output-files.xcfilelist",
			);
			runOnlyForDeploymentPostprocessing = 0;
			shellPath = /bin/sh;
			shellScript = "\"${PODS_ROOT}/Target Support Files/Pods-RxSwift-Demo/Pods-RxSwift-Demo-frameworks.sh\"\n";
			showEnvVarsInLog = 0;
		};
/* End PBXShellScriptBuildPhase section */

/* Begin PBXSourcesBuildPhase section */
		F878881D2B271D3A00B6C332 /* Sources */ = {
			isa = PBXSourcesBuildPhase;
			buildActionMask = 2147483647;
			files = (
				F8CB9BCC2B2854BB00E6C5B6 /* DebugInfo.swift in Sources */,
				F87888292B271D3A00B6C332 /* ViewController.swift in Sources */,
				F87888412B2730AA00B6C332 /* From.swift in Sources */,
				F87888252B271D3A00B6C332 /* AppDelegate.swift in Sources */,
				F878884D2B27430700B6C332 /* Deferred.swift in Sources */,
				F87888492B2736BC00B6C332 /* Range.swift in Sources */,
				F87888272B271D3A00B6C332 /* SceneDelegate.swift in Sources */,
				F878883C2B27201B00B6C332 /* OF.swift in Sources */,
				F8CB9BC92B2845F600E6C5B6 /* PerformSideEffect.swift in Sources */,
				F8CB9BD12B28876800E6C5B6 /* Behavior_Subject.swift in Sources */,
				F87888452B2734B400B6C332 /* Empty.swift in Sources */,
				F8CB9BD32B2891C000E6C5B6 /* Replay_Subject.swift in Sources */,
				F8CB9BCF2B28761900E6C5B6 /* Publish_Subject.swift in Sources */,
				F87888472B2735B000B6C332 /* Never.swift in Sources */,
				F878883A2B271F0800B6C332 /* Just.swift in Sources */,
				F878884B2B2739B500B6C332 /* Create.swift in Sources */,
			);
			runOnlyForDeploymentPostprocessing = 0;
		};
/* End PBXSourcesBuildPhase section */

/* Begin PBXVariantGroup section */
		F878882A2B271D3A00B6C332 /* Main.storyboard */ = {
			isa = PBXVariantGroup;
			children = (
				F878882B2B271D3A00B6C332 /* Base */,
			);
			name = Main.storyboard;
			sourceTree = "<group>";
		};
		F878882F2B271D3B00B6C332 /* LaunchScreen.storyboard */ = {
			isa = PBXVariantGroup;
			children = (
				F87888302B271D3B00B6C332 /* Base */,
			);
			name = LaunchScreen.storyboard;
			sourceTree = "<group>";
		};
/* End PBXVariantGroup section */

/* Begin XCBuildConfiguration section */
		F87888332B271D3B00B6C332 /* Debug */ = {
			isa = XCBuildConfiguration;
			buildSettings = {
				ALWAYS_SEARCH_USER_PATHS = NO;
				CLANG_ANALYZER_NONNULL = YES;
				CLANG_ANALYZER_NUMBER_OBJECT_CONVERSION = YES_AGGRESSIVE;
				CLANG_CXX_LANGUAGE_STANDARD = "gnu++20";
				CLANG_ENABLE_MODULES = YES;
				CLANG_ENABLE_OBJC_ARC = YES;
				CLANG_ENABLE_OBJC_WEAK = YES;
				CLANG_WARN_BLOCK_CAPTURE_AUTORELEASING = YES;
				CLANG_WARN_BOOL_CONVERSION = YES;
				CLANG_WARN_COMMA = YES;
				CLANG_WARN_CONSTANT_CONVERSION = YES;
				CLANG_WARN_DEPRECATED_OBJC_IMPLEMENTATIONS = YES;
				CLANG_WARN_DIRECT_OBJC_ISA_USAGE = YES_ERROR;
				CLANG_WARN_DOCUMENTATION_COMMENTS = YES;
				CLANG_WARN_EMPTY_BODY = YES;
				CLANG_WARN_ENUM_CONVERSION = YES;
				CLANG_WARN_INFINITE_RECURSION = YES;
				CLANG_WARN_INT_CONVERSION = YES;
				CLANG_WARN_NON_LITERAL_NULL_CONVERSION = YES;
				CLANG_WARN_OBJC_IMPLICIT_RETAIN_SELF = YES;
				CLANG_WARN_OBJC_LITERAL_CONVERSION = YES;
				CLANG_WARN_OBJC_ROOT_CLASS = YES_ERROR;
				CLANG_WARN_QUOTED_INCLUDE_IN_FRAMEWORK_HEADER = YES;
				CLANG_WARN_RANGE_LOOP_ANALYSIS = YES;
				CLANG_WARN_STRICT_PROTOTYPES = YES;
				CLANG_WARN_SUSPICIOUS_MOVE = YES;
				CLANG_WARN_UNGUARDED_AVAILABILITY = YES_AGGRESSIVE;
				CLANG_WARN_UNREACHABLE_CODE = YES;
				CLANG_WARN__DUPLICATE_METHOD_MATCH = YES;
				COPY_PHASE_STRIP = NO;
				DEBUG_INFORMATION_FORMAT = dwarf;
				ENABLE_STRICT_OBJC_MSGSEND = YES;
				ENABLE_TESTABILITY = YES;
				GCC_C_LANGUAGE_STANDARD = gnu11;
				GCC_DYNAMIC_NO_PIC = NO;
				GCC_NO_COMMON_BLOCKS = YES;
				GCC_OPTIMIZATION_LEVEL = 0;
				GCC_PREPROCESSOR_DEFINITIONS = (
					"DEBUG=1",
					"$(inherited)",
				);
				GCC_WARN_64_TO_32_BIT_CONVERSION = YES;
				GCC_WARN_ABOUT_RETURN_TYPE = YES_ERROR;
				GCC_WARN_UNDECLARED_SELECTOR = YES;
				GCC_WARN_UNINITIALIZED_AUTOS = YES_AGGRESSIVE;
				GCC_WARN_UNUSED_FUNCTION = YES;
				GCC_WARN_UNUSED_VARIABLE = YES;
				IPHONEOS_DEPLOYMENT_TARGET = 16.2;
				MTL_ENABLE_DEBUG_INFO = INCLUDE_SOURCE;
				MTL_FAST_MATH = YES;
				ONLY_ACTIVE_ARCH = YES;
				SDKROOT = iphoneos;
				SWIFT_ACTIVE_COMPILATION_CONDITIONS = DEBUG;
				SWIFT_OPTIMIZATION_LEVEL = "-Onone";
			};
			name = Debug;
		};
		F87888342B271D3B00B6C332 /* Release */ = {
			isa = XCBuildConfiguration;
			buildSettings = {
				ALWAYS_SEARCH_USER_PATHS = NO;
				CLANG_ANALYZER_NONNULL = YES;
				CLANG_ANALYZER_NUMBER_OBJECT_CONVERSION = YES_AGGRESSIVE;
				CLANG_CXX_LANGUAGE_STANDARD = "gnu++20";
				CLANG_ENABLE_MODULES = YES;
				CLANG_ENABLE_OBJC_ARC = YES;
				CLANG_ENABLE_OBJC_WEAK = YES;
				CLANG_WARN_BLOCK_CAPTURE_AUTORELEASING = YES;
				CLANG_WARN_BOOL_CONVERSION = YES;
				CLANG_WARN_COMMA = YES;
				CLANG_WARN_CONSTANT_CONVERSION = YES;
				CLANG_WARN_DEPRECATED_OBJC_IMPLEMENTATIONS = YES;
				CLANG_WARN_DIRECT_OBJC_ISA_USAGE = YES_ERROR;
				CLANG_WARN_DOCUMENTATION_COMMENTS = YES;
				CLANG_WARN_EMPTY_BODY = YES;
				CLANG_WARN_ENUM_CONVERSION = YES;
				CLANG_WARN_INFINITE_RECURSION = YES;
				CLANG_WARN_INT_CONVERSION = YES;
				CLANG_WARN_NON_LITERAL_NULL_CONVERSION = YES;
				CLANG_WARN_OBJC_IMPLICIT_RETAIN_SELF = YES;
				CLANG_WARN_OBJC_LITERAL_CONVERSION = YES;
				CLANG_WARN_OBJC_ROOT_CLASS = YES_ERROR;
				CLANG_WARN_QUOTED_INCLUDE_IN_FRAMEWORK_HEADER = YES;
				CLANG_WARN_RANGE_LOOP_ANALYSIS = YES;
				CLANG_WARN_STRICT_PROTOTYPES = YES;
				CLANG_WARN_SUSPICIOUS_MOVE = YES;
				CLANG_WARN_UNGUARDED_AVAILABILITY = YES_AGGRESSIVE;
				CLANG_WARN_UNREACHABLE_CODE = YES;
				CLANG_WARN__DUPLICATE_METHOD_MATCH = YES;
				COPY_PHASE_STRIP = NO;
				DEBUG_INFORMATION_FORMAT = "dwarf-with-dsym";
				ENABLE_NS_ASSERTIONS = NO;
				ENABLE_STRICT_OBJC_MSGSEND = YES;
				GCC_C_LANGUAGE_STANDARD = gnu11;
				GCC_NO_COMMON_BLOCKS = YES;
				GCC_WARN_64_TO_32_BIT_CONVERSION = YES;
				GCC_WARN_ABOUT_RETURN_TYPE = YES_ERROR;
				GCC_WARN_UNDECLARED_SELECTOR = YES;
				GCC_WARN_UNINITIALIZED_AUTOS = YES_AGGRESSIVE;
				GCC_WARN_UNUSED_FUNCTION = YES;
				GCC_WARN_UNUSED_VARIABLE = YES;
				IPHONEOS_DEPLOYMENT_TARGET = 16.2;
				MTL_ENABLE_DEBUG_INFO = NO;
				MTL_FAST_MATH = YES;
				SDKROOT = iphoneos;
				SWIFT_COMPILATION_MODE = wholemodule;
				SWIFT_OPTIMIZATION_LEVEL = "-O";
				VALIDATE_PRODUCT = YES;
			};
			name = Release;
		};
		F87888362B271D3B00B6C332 /* Debug */ = {
			isa = XCBuildConfiguration;
			baseConfigurationReference = A36992A43995398CAE6841EB /* Pods-RxSwift-Demo.debug.xcconfig */;
			buildSettings = {
				ASSETCATALOG_COMPILER_APPICON_NAME = AppIcon;
				ASSETCATALOG_COMPILER_GLOBAL_ACCENT_COLOR_NAME = AccentColor;
				CODE_SIGN_STYLE = Automatic;
				CURRENT_PROJECT_VERSION = 1;
				DEVELOPMENT_TEAM = M8S29G9Z3W;
				GENERATE_INFOPLIST_FILE = YES;
				INFOPLIST_FILE = "RxSwift-Demo/Info.plist";
				INFOPLIST_KEY_UIApplicationSupportsIndirectInputEvents = YES;
				INFOPLIST_KEY_UILaunchStoryboardName = LaunchScreen;
				INFOPLIST_KEY_UIMainStoryboardFile = Main;
				INFOPLIST_KEY_UISupportedInterfaceOrientations_iPad = "UIInterfaceOrientationPortrait UIInterfaceOrientationPortraitUpsideDown UIInterfaceOrientationLandscapeLeft UIInterfaceOrientationLandscapeRight";
				INFOPLIST_KEY_UISupportedInterfaceOrientations_iPhone = "UIInterfaceOrientationPortrait UIInterfaceOrientationLandscapeLeft UIInterfaceOrientationLandscapeRight";
				LD_RUNPATH_SEARCH_PATHS = (
					"$(inherited)",
					"@executable_path/Frameworks",
				);
				MARKETING_VERSION = 1.0;
				PRODUCT_BUNDLE_IDENTIFIER = "Swift.oday.RxSwift-Demo";
				PRODUCT_NAME = "$(TARGET_NAME)";
				SWIFT_EMIT_LOC_STRINGS = YES;
				SWIFT_VERSION = 5.0;
				TARGETED_DEVICE_FAMILY = "1,2";
			};
			name = Debug;
		};
		F87888372B271D3B00B6C332 /* Release */ = {
			isa = XCBuildConfiguration;
			baseConfigurationReference = CBF466EE11FB130346BE9ACC /* Pods-RxSwift-Demo.release.xcconfig */;
			buildSettings = {
				ASSETCATALOG_COMPILER_APPICON_NAME = AppIcon;
				ASSETCATALOG_COMPILER_GLOBAL_ACCENT_COLOR_NAME = AccentColor;
				CODE_SIGN_STYLE = Automatic;
				CURRENT_PROJECT_VERSION = 1;
				DEVELOPMENT_TEAM = M8S29G9Z3W;
				GENERATE_INFOPLIST_FILE = YES;
				INFOPLIST_FILE = "RxSwift-Demo/Info.plist";
				INFOPLIST_KEY_UIApplicationSupportsIndirectInputEvents = YES;
				INFOPLIST_KEY_UILaunchStoryboardName = LaunchScreen;
				INFOPLIST_KEY_UIMainStoryboardFile = Main;
				INFOPLIST_KEY_UISupportedInterfaceOrientations_iPad = "UIInterfaceOrientationPortrait UIInterfaceOrientationPortraitUpsideDown UIInterfaceOrientationLandscapeLeft UIInterfaceOrientationLandscapeRight";
				INFOPLIST_KEY_UISupportedInterfaceOrientations_iPhone = "UIInterfaceOrientationPortrait UIInterfaceOrientationLandscapeLeft UIInterfaceOrientationLandscapeRight";
				LD_RUNPATH_SEARCH_PATHS = (
					"$(inherited)",
					"@executable_path/Frameworks",
				);
				MARKETING_VERSION = 1.0;
				PRODUCT_BUNDLE_IDENTIFIER = "Swift.oday.RxSwift-Demo";
				PRODUCT_NAME = "$(TARGET_NAME)";
				SWIFT_EMIT_LOC_STRINGS = YES;
				SWIFT_VERSION = 5.0;
				TARGETED_DEVICE_FAMILY = "1,2";
			};
			name = Release;
		};
/* End XCBuildConfiguration section */

/* Begin XCConfigurationList section */
		F878881C2B271D3A00B6C332 /* Build configuration list for PBXProject "RxSwift-Demo" */ = {
			isa = XCConfigurationList;
			buildConfigurations = (
				F87888332B271D3B00B6C332 /* Debug */,
				F87888342B271D3B00B6C332 /* Release */,
			);
			defaultConfigurationIsVisible = 0;
			defaultConfigurationName = Release;
		};
		F87888352B271D3B00B6C332 /* Build configuration list for PBXNativeTarget "RxSwift-Demo" */ = {
			isa = XCConfigurationList;
			buildConfigurations = (
				F87888362B271D3B00B6C332 /* Debug */,
				F87888372B271D3B00B6C332 /* Release */,
			);
			defaultConfigurationIsVisible = 0;
			defaultConfigurationName = Release;
		};
/* End XCConfigurationList section */
	};
	rootObject = F87888192B271D3A00B6C332 /* Project object */;
}
